// !$*UTF8*$!
{
	archiveVersion = 1;
	classes = {
	};
	objectVersion = 55;
	objects = {

/* Begin PBXBuildFile section */
		3A5D194B2A644D9C00017053 /* Error.swift in Sources */ = {isa = PBXBuildFile; fileRef = 3A5D194A2A644D9C00017053 /* Error.swift */; };
		3A5D194D2A644DF100017053 /* LaunchRequest.swift in Sources */ = {isa = PBXBuildFile; fileRef = 3A5D194C2A644DF100017053 /* LaunchRequest.swift */; };
		3A5D194F2A644F2400017053 /* RocketsRequest.swift in Sources */ = {isa = PBXBuildFile; fileRef = 3A5D194E2A644F2400017053 /* RocketsRequest.swift */; };
		3A713CEA2A6C02C0003F371C /* SettingsTableViewCell.swift in Sources */ = {isa = PBXBuildFile; fileRef = 3A713CE92A6C02C0003F371C /* SettingsTableViewCell.swift */; };
		3A84A9B12A63F40A0050EAF4 /* Rocket.swift in Sources */ = {isa = PBXBuildFile; fileRef = 3A84A9B02A63F40A0050EAF4 /* Rocket.swift */; };
		3A84A9B32A63FF9C0050EAF4 /* Launch.swift in Sources */ = {isa = PBXBuildFile; fileRef = 3A84A9B22A63FF9C0050EAF4 /* Launch.swift */; };
		3A84A9B52A6400540050EAF4 /* Settings.swift in Sources */ = {isa = PBXBuildFile; fileRef = 3A84A9B42A6400540050EAF4 /* Settings.swift */; };
		3A84A9B72A6404C30050EAF4 /* NetworkService.swift in Sources */ = {isa = PBXBuildFile; fileRef = 3A84A9B62A6404C30050EAF4 /* NetworkService.swift */; };
		3A84A9B92A6418D20050EAF4 /* APIRequest.swift in Sources */ = {isa = PBXBuildFile; fileRef = 3A84A9B82A6418D20050EAF4 /* APIRequest.swift */; };
		3AC5CA842A66E1E400CABAA1 /* RocketViewController.swift in Sources */ = {isa = PBXBuildFile; fileRef = 3AC5CA832A66E1E400CABAA1 /* RocketViewController.swift */; };
		3AC5CA872A6857AF00CABAA1 /* StorageService.swift in Sources */ = {isa = PBXBuildFile; fileRef = 3AC5CA862A6857AF00CABAA1 /* StorageService.swift */; };
		3AC5CA8A2A694B3100CABAA1 /* SettingsTableViewController.swift in Sources */ = {isa = PBXBuildFile; fileRef = 3AC5CA892A694B3100CABAA1 /* SettingsTableViewController.swift */; };
		3AC5CA8C2A6AA49400CABAA1 /* SettingsViewModel.swift in Sources */ = {isa = PBXBuildFile; fileRef = 3AC5CA8B2A6AA49400CABAA1 /* SettingsViewModel.swift */; };
		3ADEB1772A5DAAD100537A58 /* AppDelegate.swift in Sources */ = {isa = PBXBuildFile; fileRef = 3ADEB1762A5DAAD100537A58 /* AppDelegate.swift */; };
		3ADEB1802A5DAAD200537A58 /* Assets.xcassets in Resources */ = {isa = PBXBuildFile; fileRef = 3ADEB17F2A5DAAD200537A58 /* Assets.xcassets */; };
		3ADEB1832A5DAAD200537A58 /* LaunchScreen.storyboard in Resources */ = {isa = PBXBuildFile; fileRef = 3ADEB1812A5DAAD200537A58 /* LaunchScreen.storyboard */; };
		3ADEB1912A5DAB9F00537A58 /* RocketsPageViewController.swift in Sources */ = {isa = PBXBuildFile; fileRef = 3ADEB1902A5DAB9F00537A58 /* RocketsPageViewController.swift */; };
		70262EC783E400FF55BF42A6 /* Pods_SpaceXApp.framework in Frameworks */ = {isa = PBXBuildFile; fileRef = E2998C77EE6322E63A121EF1 /* Pods_SpaceXApp.framework */; };
/* End PBXBuildFile section */

/* Begin PBXFileReference section */
		03C5865C5D62F486A47D31D9 /* Pods-SpaceXApp.release.xcconfig */ = {isa = PBXFileReference; includeInIndex = 1; lastKnownFileType = text.xcconfig; name = "Pods-SpaceXApp.release.xcconfig"; path = "Target Support Files/Pods-SpaceXApp/Pods-SpaceXApp.release.xcconfig"; sourceTree = "<group>"; };
		3A5D194A2A644D9C00017053 /* Error.swift */ = {isa = PBXFileReference; lastKnownFileType = sourcecode.swift; path = Error.swift; sourceTree = "<group>"; };
		3A5D194C2A644DF100017053 /* LaunchRequest.swift */ = {isa = PBXFileReference; lastKnownFileType = sourcecode.swift; path = LaunchRequest.swift; sourceTree = "<group>"; };
		3A5D194E2A644F2400017053 /* RocketsRequest.swift */ = {isa = PBXFileReference; lastKnownFileType = sourcecode.swift; path = RocketsRequest.swift; sourceTree = "<group>"; };
		3A713CE92A6C02C0003F371C /* SettingsTableViewCell.swift */ = {isa = PBXFileReference; lastKnownFileType = sourcecode.swift; path = SettingsTableViewCell.swift; sourceTree = "<group>"; };
		3A84A9B02A63F40A0050EAF4 /* Rocket.swift */ = {isa = PBXFileReference; lastKnownFileType = sourcecode.swift; path = Rocket.swift; sourceTree = "<group>"; };
		3A84A9B22A63FF9C0050EAF4 /* Launch.swift */ = {isa = PBXFileReference; lastKnownFileType = sourcecode.swift; path = Launch.swift; sourceTree = "<group>"; };
		3A84A9B42A6400540050EAF4 /* Settings.swift */ = {isa = PBXFileReference; lastKnownFileType = sourcecode.swift; path = Settings.swift; sourceTree = "<group>"; };
		3A84A9B62A6404C30050EAF4 /* NetworkService.swift */ = {isa = PBXFileReference; lastKnownFileType = sourcecode.swift; path = NetworkService.swift; sourceTree = "<group>"; };
		3A84A9B82A6418D20050EAF4 /* APIRequest.swift */ = {isa = PBXFileReference; lastKnownFileType = sourcecode.swift; path = APIRequest.swift; sourceTree = "<group>"; };
		3AC5CA832A66E1E400CABAA1 /* RocketViewController.swift */ = {isa = PBXFileReference; lastKnownFileType = sourcecode.swift; path = RocketViewController.swift; sourceTree = "<group>"; };
		3AC5CA862A6857AF00CABAA1 /* StorageService.swift */ = {isa = PBXFileReference; lastKnownFileType = sourcecode.swift; path = StorageService.swift; sourceTree = "<group>"; };
		3AC5CA892A694B3100CABAA1 /* SettingsTableViewController.swift */ = {isa = PBXFileReference; lastKnownFileType = sourcecode.swift; path = SettingsTableViewController.swift; sourceTree = "<group>"; };
		3AC5CA8B2A6AA49400CABAA1 /* SettingsViewModel.swift */ = {isa = PBXFileReference; lastKnownFileType = sourcecode.swift; path = SettingsViewModel.swift; sourceTree = "<group>"; };
		3ADEB1732A5DAAD100537A58 /* SpaceXApp.app */ = {isa = PBXFileReference; explicitFileType = wrapper.application; includeInIndex = 0; path = SpaceXApp.app; sourceTree = BUILT_PRODUCTS_DIR; };
		3ADEB1762A5DAAD100537A58 /* AppDelegate.swift */ = {isa = PBXFileReference; lastKnownFileType = sourcecode.swift; path = AppDelegate.swift; sourceTree = "<group>"; };
		3ADEB17F2A5DAAD200537A58 /* Assets.xcassets */ = {isa = PBXFileReference; lastKnownFileType = folder.assetcatalog; path = Assets.xcassets; sourceTree = "<group>"; };
		3ADEB1822A5DAAD200537A58 /* Base */ = {isa = PBXFileReference; lastKnownFileType = file.storyboard; name = Base; path = Base.lproj/LaunchScreen.storyboard; sourceTree = "<group>"; };
		3ADEB1842A5DAAD200537A58 /* Info.plist */ = {isa = PBXFileReference; lastKnownFileType = text.plist.xml; path = Info.plist; sourceTree = "<group>"; };
		3ADEB1902A5DAB9F00537A58 /* RocketsPageViewController.swift */ = {isa = PBXFileReference; lastKnownFileType = sourcecode.swift; path = RocketsPageViewController.swift; sourceTree = "<group>"; };
		61E973B7454AA391F7EF5D27 /* Pods-SpaceXApp.debug.xcconfig */ = {isa = PBXFileReference; includeInIndex = 1; lastKnownFileType = text.xcconfig; name = "Pods-SpaceXApp.debug.xcconfig"; path = "Target Support Files/Pods-SpaceXApp/Pods-SpaceXApp.debug.xcconfig"; sourceTree = "<group>"; };
		E2998C77EE6322E63A121EF1 /* Pods_SpaceXApp.framework */ = {isa = PBXFileReference; explicitFileType = wrapper.framework; includeInIndex = 0; path = Pods_SpaceXApp.framework; sourceTree = BUILT_PRODUCTS_DIR; };
/* End PBXFileReference section */

/* Begin PBXFrameworksBuildPhase section */
		3ADEB1702A5DAAD100537A58 /* Frameworks */ = {
			isa = PBXFrameworksBuildPhase;
			buildActionMask = 2147483647;
			files = (
				70262EC783E400FF55BF42A6 /* Pods_SpaceXApp.framework in Frameworks */,
			);
			runOnlyForDeploymentPostprocessing = 0;
		};
/* End PBXFrameworksBuildPhase section */

/* Begin PBXGroup section */
		18F25F365E11099E73EC8B11 /* Pods */ = {
			isa = PBXGroup;
			children = (
				61E973B7454AA391F7EF5D27 /* Pods-SpaceXApp.debug.xcconfig */,
				03C5865C5D62F486A47D31D9 /* Pods-SpaceXApp.release.xcconfig */,
			);
			path = Pods;
			sourceTree = "<group>";
		};
		3AC5CA822A66E1D100CABAA1 /* Rocket */ = {
			isa = PBXGroup;
			children = (
				3AC5CA832A66E1E400CABAA1 /* RocketViewController.swift */,
			);
			path = Rocket;
			sourceTree = "<group>";
		};
		3AC5CA852A68577300CABAA1 /* Storage */ = {
			isa = PBXGroup;
			children = (
				3AC5CA862A6857AF00CABAA1 /* StorageService.swift */,
			);
			path = Storage;
			sourceTree = "<group>";
		};
		3AC5CA882A694AFF00CABAA1 /* Settings */ = {
			isa = PBXGroup;
			children = (
				3AC5CA892A694B3100CABAA1 /* SettingsTableViewController.swift */,
				3A713CE92A6C02C0003F371C /* SettingsTableViewCell.swift */,
				3AC5CA8B2A6AA49400CABAA1 /* SettingsViewModel.swift */,
			);
			path = Settings;
			sourceTree = "<group>";
		};
		3ADEB16A2A5DAAD100537A58 = {
			isa = PBXGroup;
			children = (
				3ADEB1752A5DAAD100537A58 /* SpaceXApp */,
				3ADEB1742A5DAAD100537A58 /* Products */,
				18F25F365E11099E73EC8B11 /* Pods */,
				FE0FFE05500EF6232736EE82 /* Frameworks */,
			);
			sourceTree = "<group>";
		};
		3ADEB1742A5DAAD100537A58 /* Products */ = {
			isa = PBXGroup;
			children = (
				3ADEB1732A5DAAD100537A58 /* SpaceXApp.app */,
			);
			name = Products;
			sourceTree = "<group>";
		};
		3ADEB1752A5DAAD100537A58 /* SpaceXApp */ = {
			isa = PBXGroup;
			children = (
				3ADEB18C2A5DAB7100537A58 /* Module */,
				3ADEB18E2A5DAB8000537A58 /* Service */,
				3ADEB18D2A5DAB7900537A58 /* Model */,
				3ADEB18A2A5DAB5100537A58 /* App */,
				3ADEB18B2A5DAB6A00537A58 /* Resources */,
			);
			path = SpaceXApp;
			sourceTree = "<group>";
		};
		3ADEB18A2A5DAB5100537A58 /* App */ = {
			isa = PBXGroup;
			children = (
				3ADEB1762A5DAAD100537A58 /* AppDelegate.swift */,
				3ADEB1812A5DAAD200537A58 /* LaunchScreen.storyboard */,
				3ADEB1842A5DAAD200537A58 /* Info.plist */,
			);
			path = App;
			sourceTree = "<group>";
		};
		3ADEB18B2A5DAB6A00537A58 /* Resources */ = {
			isa = PBXGroup;
			children = (
				3ADEB17F2A5DAAD200537A58 /* Assets.xcassets */,
			);
			path = Resources;
			sourceTree = "<group>";
		};
		3ADEB18C2A5DAB7100537A58 /* Module */ = {
			isa = PBXGroup;
			children = (
				3AC5CA822A66E1D100CABAA1 /* Rocket */,
				3ADEB18F2A5DAB8F00537A58 /* Rockets */,
				3AC5CA882A694AFF00CABAA1 /* Settings */,
			);
			path = Module;
			sourceTree = "<group>";
		};
		3ADEB18D2A5DAB7900537A58 /* Model */ = {
			isa = PBXGroup;
			children = (
				3A84A9B02A63F40A0050EAF4 /* Rocket.swift */,
				3A84A9B22A63FF9C0050EAF4 /* Launch.swift */,
				3A84A9B42A6400540050EAF4 /* Settings.swift */,
			);
			path = Model;
			sourceTree = "<group>";
		};
		3ADEB18E2A5DAB8000537A58 /* Service */ = {
			isa = PBXGroup;
			children = (
				3AC5CA852A68577300CABAA1 /* Storage */,
				3ADEB1942A5DF3EF00537A58 /* Network */,
			);
			path = Service;
			sourceTree = "<group>";
		};
		3ADEB18F2A5DAB8F00537A58 /* Rockets */ = {
			isa = PBXGroup;
			children = (
				3ADEB1902A5DAB9F00537A58 /* RocketsPageViewController.swift */,
			);
			path = Rockets;
			sourceTree = "<group>";
		};
		3ADEB1942A5DF3EF00537A58 /* Network */ = {
			isa = PBXGroup;
			children = (
				3A84A9B62A6404C30050EAF4 /* NetworkService.swift */,
				3A5D194A2A644D9C00017053 /* Error.swift */,
				3A84A9B82A6418D20050EAF4 /* APIRequest.swift */,
				3A5D194E2A644F2400017053 /* RocketsRequest.swift */,
				3A5D194C2A644DF100017053 /* LaunchRequest.swift */,
			);
			path = Network;
			sourceTree = "<group>";
		};
		FE0FFE05500EF6232736EE82 /* Frameworks */ = {
			isa = PBXGroup;
			children = (
				E2998C77EE6322E63A121EF1 /* Pods_SpaceXApp.framework */,
			);
			name = Frameworks;
			sourceTree = "<group>";
		};
/* End PBXGroup section */

/* Begin PBXNativeTarget section */
		3ADEB1722A5DAAD100537A58 /* SpaceXApp */ = {
			isa = PBXNativeTarget;
			buildConfigurationList = 3ADEB1872A5DAAD200537A58 /* Build configuration list for PBXNativeTarget "SpaceXApp" */;
			buildPhases = (
				3ADEB1922A5DB24700537A58 /* ShellScript */,
				8CAD2F4D1CB3F22260914B52 /* [CP] Check Pods Manifest.lock */,
				3ADEB16F2A5DAAD100537A58 /* Sources */,
				3ADEB1702A5DAAD100537A58 /* Frameworks */,
				3ADEB1712A5DAAD100537A58 /* Resources */,
				775BE7976C9228A389C516BB /* [CP] Embed Pods Frameworks */,
			);
			buildRules = (
			);
			dependencies = (
			);
			name = SpaceXApp;
			productName = SpaceXApp;
			productReference = 3ADEB1732A5DAAD100537A58 /* SpaceXApp.app */;
			productType = "com.apple.product-type.application";
		};
/* End PBXNativeTarget section */

/* Begin PBXProject section */
		3ADEB16B2A5DAAD100537A58 /* Project object */ = {
			isa = PBXProject;
			attributes = {
				BuildIndependentTargetsInParallel = 1;
				LastSwiftUpdateCheck = 1430;
				LastUpgradeCheck = 1430;
				TargetAttributes = {
					3ADEB1722A5DAAD100537A58 = {
						CreatedOnToolsVersion = 14.3;
					};
				};
			};
			buildConfigurationList = 3ADEB16E2A5DAAD100537A58 /* Build configuration list for PBXProject "SpaceXApp" */;
			compatibilityVersion = "Xcode 13.0";
			developmentRegion = en;
			hasScannedForEncodings = 0;
			knownRegions = (
				en,
				Base,
			);
			mainGroup = 3ADEB16A2A5DAAD100537A58;
			productRefGroup = 3ADEB1742A5DAAD100537A58 /* Products */;
			projectDirPath = "";
			projectRoot = "";
			targets = (
				3ADEB1722A5DAAD100537A58 /* SpaceXApp */,
			);
		};
/* End PBXProject section */

/* Begin PBXResourcesBuildPhase section */
		3ADEB1712A5DAAD100537A58 /* Resources */ = {
			isa = PBXResourcesBuildPhase;
			buildActionMask = 2147483647;
			files = (
				3ADEB1832A5DAAD200537A58 /* LaunchScreen.storyboard in Resources */,
				3ADEB1802A5DAAD200537A58 /* Assets.xcassets in Resources */,
			);
			runOnlyForDeploymentPostprocessing = 0;
		};
/* End PBXResourcesBuildPhase section */

/* Begin PBXShellScriptBuildPhase section */
		3ADEB1922A5DB24700537A58 /* ShellScript */ = {
			isa = PBXShellScriptBuildPhase;
			alwaysOutOfDate = 1;
			buildActionMask = 8;
			files = (
			);
			inputFileListPaths = (
			);
			inputPaths = (
			);
			outputFileListPaths = (
			);
			outputPaths = (
			);
			runOnlyForDeploymentPostprocessing = 1;
			shellPath = /bin/sh;
			shellScript = "\"${PODS_ROOT}/SwiftLint/swiftlint\"\n";
		};
		775BE7976C9228A389C516BB /* [CP] Embed Pods Frameworks */ = {
			isa = PBXShellScriptBuildPhase;
			buildActionMask = 2147483647;
			files = (
			);
			inputFileListPaths = (
				"${PODS_ROOT}/Target Support Files/Pods-SpaceXApp/Pods-SpaceXApp-frameworks-${CONFIGURATION}-input-files.xcfilelist",
			);
			name = "[CP] Embed Pods Frameworks";
			outputFileListPaths = (
				"${PODS_ROOT}/Target Support Files/Pods-SpaceXApp/Pods-SpaceXApp-frameworks-${CONFIGURATION}-output-files.xcfilelist",
			);
			runOnlyForDeploymentPostprocessing = 0;
			shellPath = /bin/sh;
			shellScript = "\"${PODS_ROOT}/Target Support Files/Pods-SpaceXApp/Pods-SpaceXApp-frameworks.sh\"\n";
			showEnvVarsInLog = 0;
		};
		8CAD2F4D1CB3F22260914B52 /* [CP] Check Pods Manifest.lock */ = {
			isa = PBXShellScriptBuildPhase;
			buildActionMask = 2147483647;
			files = (
			);
			inputFileListPaths = (
			);
			inputPaths = (
				"${PODS_PODFILE_DIR_PATH}/Podfile.lock",
				"${PODS_ROOT}/Manifest.lock",
			);
			name = "[CP] Check Pods Manifest.lock";
			outputFileListPaths = (
			);
			outputPaths = (
				"$(DERIVED_FILE_DIR)/Pods-SpaceXApp-checkManifestLockResult.txt",
			);
			runOnlyForDeploymentPostprocessing = 0;
			shellPath = /bin/sh;
			shellScript = "diff \"${PODS_PODFILE_DIR_PATH}/Podfile.lock\" \"${PODS_ROOT}/Manifest.lock\" > /dev/null\nif [ $? != 0 ] ; then\n    # print error to STDERR\n    echo \"error: The sandbox is not in sync with the Podfile.lock. Run 'pod install' or update your CocoaPods installation.\" >&2\n    exit 1\nfi\n# This output is used by Xcode 'outputs' to avoid re-running this script phase.\necho \"SUCCESS\" > \"${SCRIPT_OUTPUT_FILE_0}\"\n";
			showEnvVarsInLog = 0;
		};
/* End PBXShellScriptBuildPhase section */

/* Begin PBXSourcesBuildPhase section */
		3ADEB16F2A5DAAD100537A58 /* Sources */ = {
			isa = PBXSourcesBuildPhase;
			buildActionMask = 2147483647;
			files = (
				3A713CEA2A6C02C0003F371C /* SettingsTableViewCell.swift in Sources */,
				3A5D194B2A644D9C00017053 /* Error.swift in Sources */,
				3AC5CA8A2A694B3100CABAA1 /* SettingsTableViewController.swift in Sources */,
				3AC5CA872A6857AF00CABAA1 /* StorageService.swift in Sources */,
				3A5D194F2A644F2400017053 /* RocketsRequest.swift in Sources */,
				3A84A9B12A63F40A0050EAF4 /* Rocket.swift in Sources */,
				3A84A9B92A6418D20050EAF4 /* APIRequest.swift in Sources */,
				3ADEB1912A5DAB9F00537A58 /* RocketsPageViewController.swift in Sources */,
				3A84A9B32A63FF9C0050EAF4 /* Launch.swift in Sources */,
				3ADEB1772A5DAAD100537A58 /* AppDelegate.swift in Sources */,
				3AC5CA842A66E1E400CABAA1 /* RocketViewController.swift in Sources */,
				3A5D194D2A644DF100017053 /* LaunchRequest.swift in Sources */,
				3A84A9B72A6404C30050EAF4 /* NetworkService.swift in Sources */,
				3A84A9B52A6400540050EAF4 /* Settings.swift in Sources */,
				3AC5CA8C2A6AA49400CABAA1 /* SettingsViewModel.swift in Sources */,
			);
			runOnlyForDeploymentPostprocessing = 0;
		};
/* End PBXSourcesBuildPhase section */

/* Begin PBXVariantGroup section */
		3ADEB1812A5DAAD200537A58 /* LaunchScreen.storyboard */ = {
			isa = PBXVariantGroup;
			children = (
				3ADEB1822A5DAAD200537A58 /* Base */,
			);
			name = LaunchScreen.storyboard;
			sourceTree = "<group>";
		};
/* End PBXVariantGroup section */

/* Begin XCBuildConfiguration section */
		3ADEB1852A5DAAD200537A58 /* Debug */ = {
			isa = XCBuildConfiguration;
			buildSettings = {
				ALWAYS_SEARCH_USER_PATHS = NO;
				CLANG_ANALYZER_NONNULL = YES;
				CLANG_ANALYZER_NUMBER_OBJECT_CONVERSION = YES_AGGRESSIVE;
				CLANG_CXX_LANGUAGE_STANDARD = "gnu++20";
				CLANG_ENABLE_MODULES = YES;
				CLANG_ENABLE_OBJC_ARC = YES;
				CLANG_ENABLE_OBJC_WEAK = YES;
				CLANG_WARN_BLOCK_CAPTURE_AUTORELEASING = YES;
				CLANG_WARN_BOOL_CONVERSION = YES;
				CLANG_WARN_COMMA = YES;
				CLANG_WARN_CONSTANT_CONVERSION = YES;
				CLANG_WARN_DEPRECATED_OBJC_IMPLEMENTATIONS = YES;
				CLANG_WARN_DIRECT_OBJC_ISA_USAGE = YES_ERROR;
				CLANG_WARN_DOCUMENTATION_COMMENTS = YES;
				CLANG_WARN_EMPTY_BODY = YES;
				CLANG_WARN_ENUM_CONVERSION = YES;
				CLANG_WARN_INFINITE_RECURSION = YES;
				CLANG_WARN_INT_CONVERSION = YES;
				CLANG_WARN_NON_LITERAL_NULL_CONVERSION = YES;
				CLANG_WARN_OBJC_IMPLICIT_RETAIN_SELF = YES;
				CLANG_WARN_OBJC_LITERAL_CONVERSION = YES;
				CLANG_WARN_OBJC_ROOT_CLASS = YES_ERROR;
				CLANG_WARN_QUOTED_INCLUDE_IN_FRAMEWORK_HEADER = YES;
				CLANG_WARN_RANGE_LOOP_ANALYSIS = YES;
				CLANG_WARN_STRICT_PROTOTYPES = YES;
				CLANG_WARN_SUSPICIOUS_MOVE = YES;
				CLANG_WARN_UNGUARDED_AVAILABILITY = YES_AGGRESSIVE;
				CLANG_WARN_UNREACHABLE_CODE = YES;
				CLANG_WARN__DUPLICATE_METHOD_MATCH = YES;
				COPY_PHASE_STRIP = NO;
				DEBUG_INFORMATION_FORMAT = dwarf;
				ENABLE_STRICT_OBJC_MSGSEND = YES;
				ENABLE_TESTABILITY = YES;
				GCC_C_LANGUAGE_STANDARD = gnu11;
				GCC_DYNAMIC_NO_PIC = NO;
				GCC_NO_COMMON_BLOCKS = YES;
				GCC_OPTIMIZATION_LEVEL = 0;
				GCC_PREPROCESSOR_DEFINITIONS = (
					"DEBUG=1",
					"$(inherited)",
				);
				GCC_WARN_64_TO_32_BIT_CONVERSION = YES;
				GCC_WARN_ABOUT_RETURN_TYPE = YES_ERROR;
				GCC_WARN_UNDECLARED_SELECTOR = YES;
				GCC_WARN_UNINITIALIZED_AUTOS = YES_AGGRESSIVE;
				GCC_WARN_UNUSED_FUNCTION = YES;
				GCC_WARN_UNUSED_VARIABLE = YES;
				IPHONEOS_DEPLOYMENT_TARGET = 16.4;
				MTL_ENABLE_DEBUG_INFO = INCLUDE_SOURCE;
				MTL_FAST_MATH = YES;
				ONLY_ACTIVE_ARCH = YES;
				SDKROOT = iphoneos;
				SWIFT_ACTIVE_COMPILATION_CONDITIONS = DEBUG;
				SWIFT_OPTIMIZATION_LEVEL = "-Onone";
			};
			name = Debug;
		};
		3ADEB1862A5DAAD200537A58 /* Release */ = {
			isa = XCBuildConfiguration;
			buildSettings = {
				ALWAYS_SEARCH_USER_PATHS = NO;
				CLANG_ANALYZER_NONNULL = YES;
				CLANG_ANALYZER_NUMBER_OBJECT_CONVERSION = YES_AGGRESSIVE;
				CLANG_CXX_LANGUAGE_STANDARD = "gnu++20";
				CLANG_ENABLE_MODULES = YES;
				CLANG_ENABLE_OBJC_ARC = YES;
				CLANG_ENABLE_OBJC_WEAK = YES;
				CLANG_WARN_BLOCK_CAPTURE_AUTORELEASING = YES;
				CLANG_WARN_BOOL_CONVERSION = YES;
				CLANG_WARN_COMMA = YES;
				CLANG_WARN_CONSTANT_CONVERSION = YES;
				CLANG_WARN_DEPRECATED_OBJC_IMPLEMENTATIONS = YES;
				CLANG_WARN_DIRECT_OBJC_ISA_USAGE = YES_ERROR;
				CLANG_WARN_DOCUMENTATION_COMMENTS = YES;
				CLANG_WARN_EMPTY_BODY = YES;
				CLANG_WARN_ENUM_CONVERSION = YES;
				CLANG_WARN_INFINITE_RECURSION = YES;
				CLANG_WARN_INT_CONVERSION = YES;
				CLANG_WARN_NON_LITERAL_NULL_CONVERSION = YES;
				CLANG_WARN_OBJC_IMPLICIT_RETAIN_SELF = YES;
				CLANG_WARN_OBJC_LITERAL_CONVERSION = YES;
				CLANG_WARN_OBJC_ROOT_CLASS = YES_ERROR;
				CLANG_WARN_QUOTED_INCLUDE_IN_FRAMEWORK_HEADER = YES;
				CLANG_WARN_RANGE_LOOP_ANALYSIS = YES;
				CLANG_WARN_STRICT_PROTOTYPES = YES;
				CLANG_WARN_SUSPICIOUS_MOVE = YES;
				CLANG_WARN_UNGUARDED_AVAILABILITY = YES_AGGRESSIVE;
				CLANG_WARN_UNREACHABLE_CODE = YES;
				CLANG_WARN__DUPLICATE_METHOD_MATCH = YES;
				COPY_PHASE_STRIP = NO;
				DEBUG_INFORMATION_FORMAT = "dwarf-with-dsym";
				ENABLE_NS_ASSERTIONS = NO;
				ENABLE_STRICT_OBJC_MSGSEND = YES;
				GCC_C_LANGUAGE_STANDARD = gnu11;
				GCC_NO_COMMON_BLOCKS = YES;
				GCC_WARN_64_TO_32_BIT_CONVERSION = YES;
				GCC_WARN_ABOUT_RETURN_TYPE = YES_ERROR;
				GCC_WARN_UNDECLARED_SELECTOR = YES;
				GCC_WARN_UNINITIALIZED_AUTOS = YES_AGGRESSIVE;
				GCC_WARN_UNUSED_FUNCTION = YES;
				GCC_WARN_UNUSED_VARIABLE = YES;
				IPHONEOS_DEPLOYMENT_TARGET = 16.4;
				MTL_ENABLE_DEBUG_INFO = NO;
				MTL_FAST_MATH = YES;
				SDKROOT = iphoneos;
				SWIFT_COMPILATION_MODE = wholemodule;
				SWIFT_OPTIMIZATION_LEVEL = "-O";
				VALIDATE_PRODUCT = YES;
			};
			name = Release;
		};
		3ADEB1882A5DAAD200537A58 /* Debug */ = {
			isa = XCBuildConfiguration;
			baseConfigurationReference = 61E973B7454AA391F7EF5D27 /* Pods-SpaceXApp.debug.xcconfig */;
			buildSettings = {
				ASSETCATALOG_COMPILER_APPICON_NAME = AppIcon;
				ASSETCATALOG_COMPILER_GLOBAL_ACCENT_COLOR_NAME = AccentColor;
				CODE_SIGN_STYLE = Automatic;
				CURRENT_PROJECT_VERSION = 1;
				DEVELOPMENT_TEAM = QX89BX85GD;
				GENERATE_INFOPLIST_FILE = YES;
				INFOPLIST_FILE = SpaceXApp/App/Info.plist;
				INFOPLIST_KEY_UIApplicationSupportsIndirectInputEvents = YES;
				INFOPLIST_KEY_UILaunchStoryboardName = LaunchScreen;
				INFOPLIST_KEY_UISupportedInterfaceOrientations_iPad = "UIInterfaceOrientationPortrait UIInterfaceOrientationPortraitUpsideDown UIInterfaceOrientationLandscapeLeft UIInterfaceOrientationLandscapeRight";
				INFOPLIST_KEY_UISupportedInterfaceOrientations_iPhone = "UIInterfaceOrientationPortrait UIInterfaceOrientationLandscapeLeft UIInterfaceOrientationLandscapeRight";
				IPHONEOS_DEPLOYMENT_TARGET = 13.0;
				LD_RUNPATH_SEARCH_PATHS = (
					"$(inherited)",
					"@executable_path/Frameworks",
				);
				MARKETING_VERSION = 1.0;
				PRODUCT_BUNDLE_IDENTIFIER = bbetsey.SpaceXApp;
				PRODUCT_NAME = "$(TARGET_NAME)";
				SWIFT_EMIT_LOC_STRINGS = YES;
				SWIFT_VERSION = 5.0;
				TARGETED_DEVICE_FAMILY = "1,2";
			};
			name = Debug;
		};
		3ADEB1892A5DAAD200537A58 /* Release */ = {
			isa = XCBuildConfiguration;
			baseConfigurationReference = 03C5865C5D62F486A47D31D9 /* Pods-SpaceXApp.release.xcconfig */;
			buildSettings = {
				ASSETCATALOG_COMPILER_APPICON_NAME = AppIcon;
				ASSETCATALOG_COMPILER_GLOBAL_ACCENT_COLOR_NAME = AccentColor;
				CODE_SIGN_STYLE = Automatic;
				CURRENT_PROJECT_VERSION = 1;
				DEVELOPMENT_TEAM = QX89BX85GD;
				GENERATE_INFOPLIST_FILE = YES;
				INFOPLIST_FILE = SpaceXApp/App/Info.plist;
				INFOPLIST_KEY_UIApplicationSupportsIndirectInputEvents = YES;
				INFOPLIST_KEY_UILaunchStoryboardName = LaunchScreen;
				INFOPLIST_KEY_UISupportedInterfaceOrientations_iPad = "UIInterfaceOrientationPortrait UIInterfaceOrientationPortraitUpsideDown UIInterfaceOrientationLandscapeLeft UIInterfaceOrientationLandscapeRight";
				INFOPLIST_KEY_UISupportedInterfaceOrientations_iPhone = "UIInterfaceOrientationPortrait UIInterfaceOrientationLandscapeLeft UIInterfaceOrientationLandscapeRight";
				IPHONEOS_DEPLOYMENT_TARGET = 13.0;
				LD_RUNPATH_SEARCH_PATHS = (
					"$(inherited)",
					"@executable_path/Frameworks",
				);
				MARKETING_VERSION = 1.0;
				PRODUCT_BUNDLE_IDENTIFIER = bbetsey.SpaceXApp;
				PRODUCT_NAME = "$(TARGET_NAME)";
				SWIFT_EMIT_LOC_STRINGS = YES;
				SWIFT_VERSION = 5.0;
				TARGETED_DEVICE_FAMILY = "1,2";
			};
			name = Release;
		};
/* End XCBuildConfiguration section */

/* Begin XCConfigurationList section */
		3ADEB16E2A5DAAD100537A58 /* Build configuration list for PBXProject "SpaceXApp" */ = {
			isa = XCConfigurationList;
			buildConfigurations = (
				3ADEB1852A5DAAD200537A58 /* Debug */,
				3ADEB1862A5DAAD200537A58 /* Release */,
			);
			defaultConfigurationIsVisible = 0;
			defaultConfigurationName = Release;
		};
		3ADEB1872A5DAAD200537A58 /* Build configuration list for PBXNativeTarget "SpaceXApp" */ = {
			isa = XCConfigurationList;
			buildConfigurations = (
				3ADEB1882A5DAAD200537A58 /* Debug */,
				3ADEB1892A5DAAD200537A58 /* Release */,
			);
			defaultConfigurationIsVisible = 0;
			defaultConfigurationName = Release;
		};
/* End XCConfigurationList section */
	};
	rootObject = 3ADEB16B2A5DAAD100537A58 /* Project object */;
}
